{
    "name": "cordova-custom-config",
    "version": "2.0.3",
    "lockfileVersion": 1,
    "requires": true,
    "dependencies": {
        "balanced-match": {
            "version": "1.0.0",
            "resolved": "https://registry.npmjs.org/balanced-match/-/balanced-match-1.0.0.tgz",
            "integrity": "sha1-ibTRmasr7kneFk6gK4nORi1xt2c="
        },
        "base64-js": {
            "version": "0.0.8",
            "resolved": "https://registry.npmjs.org/base64-js/-/base64-js-0.0.8.tgz",
            "integrity": "sha1-EQHpVE9KdrG8OybUUsqW16NeeXg="
        },
        "bplist-creator": {
            "version": "0.0.4",
            "resolved": "https://registry.npmjs.org/bplist-creator/-/bplist-creator-0.0.4.tgz",
            "integrity": "sha1-SsBJZ4LhJ6hcHSAmpPXrIqev+ZE=",
            "requires": {
                "stream-buffers": "0.2.6"
            }
        },
        "bplist-parser": {
            "version": "0.0.6",
            "resolved": "https://registry.npmjs.org/bplist-parser/-/bplist-parser-0.0.6.tgz",
            "integrity": "sha1-ONo0cYF9+dRKs4kuJ3B7u9daEbk="
        },
        "brace-expansion": {
            "version": "1.1.8",
            "resolved": "https://registry.npmjs.org/brace-expansion/-/brace-expansion-1.1.8.tgz",
            "integrity": "sha1-wHshHHyVLsH479Uad+8NHTmQopI=",
            "requires": {
                "balanced-match": "1.0.0",
                "concat-map": "0.0.1"
            }
        },
        "colors": {
            "version": "1.1.2",
            "resolved": "https://registry.npmjs.org/colors/-/colors-1.1.2.tgz",
            "integrity": "sha1-FopHAXVran9RoSzgyXv6KMCE7WM="
        },
        "concat-map": {
            "version": "0.0.1",
            "resolved": "https://registry.npmjs.org/concat-map/-/concat-map-0.0.1.tgz",
            "integrity": "sha1-2Klr13/Wjfd5OnMDajug1UBdR3s="
        },
        "elementtree": {
            "version": "0.1.6",
            "resolved": "https://registry.npmjs.org/elementtree/-/elementtree-0.1.6.tgz",
            "integrity": "sha1-KsTEbqMFFsjEy9teOsdBjlkt4gw=",
            "requires": {
                "sax": "0.3.5"
            }
        },
        "fs-extra": {
            "version": "0.26.5",
            "resolved": "https://registry.npmjs.org/fs-extra/-/fs-extra-0.26.5.tgz",
            "integrity": "sha1-U6x0Znygg/0twXEsgTA5yjLWmn8=",
            "requires": {
                "graceful-fs": "4.1.11",
                "jsonfile": "2.4.0",
                "klaw": "1.3.1",
                "path-is-absolute": "1.0.1",
                "rimraf": "2.6.2"
            }
        },
        "fs.realpath": {
            "version": "1.0.0",
            "resolved": "https://registry.npmjs.org/fs.realpath/-/fs.realpath-1.0.0.tgz",
            "integrity": "sha1-FQStJSMVjKpA20onh8sBQRmU6k8="
        },
        "glob": {
            "version": "7.1.2",
            "resolved": "https://registry.npmjs.org/glob/-/glob-7.1.2.tgz",
            "integrity": "sha512-MJTUg1kjuLeQCJ+ccE4Vpa6kKVXkPYJ2mOCQyUuKLcLQsdrMCpBPUi8qVE6+YuaJkozeA9NusTAw3hLr8Xe5EQ==",
            "requires": {
                "fs.realpath": "1.0.0",
                "inflight": "1.0.6",
                "inherits": "2.0.3",
                "minimatch": "3.0.4",
                "once": "1.4.0",
                "path-is-absolute": "1.0.1"
            }
        },
        "graceful-fs": {
            "version": "4.1.11",
            "resolved": "https://registry.npmjs.org/graceful-fs/-/graceful-fs-4.1.11.tgz",
            "integrity": "sha1-Dovf5NHduIVNZOBOp8AOKgJuVlg="
        },
        "inflight": {
            "version": "1.0.6",
            "resolved": "https://registry.npmjs.org/inflight/-/inflight-1.0.6.tgz",
            "integrity": "sha1-Sb1jMdfQLQwJvJEKEHW6gWW1bfk=",
            "requires": {
                "once": "1.4.0",
                "wrappy": "1.0.2"
            }
        },
        "inherits": {
            "version": "2.0.3",
            "resolved": "https://registry.npmjs.org/inherits/-/inherits-2.0.3.tgz",
            "integrity": "sha1-Yzwsg+PaQqUC9SRmAiSA9CCCYd4="
        },
        "interpret": {
            "version": "1.0.4",
            "resolved": "https://registry.npmjs.org/interpret/-/interpret-1.0.4.tgz",
            "integrity": "sha1-ggzdWIuGj/sZGoCVBtbJyPISsbA="
        },
        "jsonfile": {
            "version": "2.4.0",
            "resolved": "https://registry.npmjs.org/jsonfile/-/jsonfile-2.4.0.tgz",
            "integrity": "sha1-NzaitCi4e72gzIO1P6PWM6NcKug=",
            "requires": {
                "graceful-fs": "4.1.11"
            }
        },
        "klaw": {
            "version": "1.3.1",
            "resolved": "https://registry.npmjs.org/klaw/-/klaw-1.3.1.tgz",
            "integrity": "sha1-QIhDO0azsbolnXh4XY6W9zugJDk=",
            "requires": {
                "graceful-fs": "4.1.11"
            }
        },
        "lodash": {
            "version": "4.3.0",
            "resolved": "https://registry.npmjs.org/lodash/-/lodash-4.3.0.tgz",
            "integrity": "sha1-79nEpuxT87BUEkKZFcPkgk5NJaQ="
        },
        "lodash-node": {
            "version": "2.4.1",
            "resolved": "https://registry.npmjs.org/lodash-node/-/lodash-node-2.4.1.tgz",
            "integrity": "sha1-6oL3sQDHM9GkKvdoAeUGEF4qgOw="
        },
        "minimatch": {
            "version": "3.0.4",
            "resolved": "https://registry.npmjs.org/minimatch/-/minimatch-3.0.4.tgz",
            "integrity": "sha512-yJHVQEhyqPLUTgt9B83PXu6W3rx4MvvHvSUvToogpwoGDOUQ+yDrR0HRot+yOCdCO7u4hX3pWft6kWBBcqh0UA==",
            "requires": {
                "brace-expansion": "1.1.8"
            }
        },
        "node-uuid": {
            "version": "1.3.3",
            "resolved": "https://registry.npmjs.org/node-uuid/-/node-uuid-1.3.3.tgz",
            "integrity": "sha1-09tNe1aBDZ5AMjQnZigq8HORcps="
        },
        "once": {
            "version": "1.4.0",
            "resolved": "https://registry.npmjs.org/once/-/once-1.4.0.tgz",
            "integrity": "sha1-WDsap3WWHUsROsF9nFC6753Xa9E=",
            "requires": {
                "wrappy": "1.0.2"
            }
        },
        "path-is-absolute": {
            "version": "1.0.1",
            "resolved": "https://registry.npmjs.org/path-is-absolute/-/path-is-absolute-1.0.1.tgz",
            "integrity": "sha1-F0uSaHNVNP+8es5r9TpanhtcX18="
        },
        "path-parse": {
            "version": "1.0.5",
            "resolved": "https://registry.npmjs.org/path-parse/-/path-parse-1.0.5.tgz",
            "integrity": "sha1-PBrfhx6pzWyUMbbqK9dKD/BVxME="
        },
        "pegjs": {
            "version": "0.6.2",
            "resolved": "https://registry.npmjs.org/pegjs/-/pegjs-0.6.2.tgz",
            "integrity": "sha1-dGUfioAORE22iOTuro7bZWN6F6U="
        },
        "plist": {
            "version": "1.2.0",
            "resolved": "https://registry.npmjs.org/plist/-/plist-1.2.0.tgz",
            "integrity": "sha1-CEtQk93JJQbiWfh0uNmxr7jHlZM=",
            "requires": {
                "base64-js": "0.0.8",
                "util-deprecate": "1.0.2",
                "xmlbuilder": "4.0.0",
                "xmldom": "0.1.27"
            }
        },
        "rechoir": {
            "version": "0.6.2",
            "resolved": "https://registry.npmjs.org/rechoir/-/rechoir-0.6.2.tgz",
            "integrity": "sha1-hSBLVNuoLVdC4oyWdW70OvUOM4Q=",
            "requires": {
                "resolve": "1.5.0"
            }
        },
        "resolve": {
            "version": "1.5.0",
            "resolved": "https://registry.npmjs.org/resolve/-/resolve-1.5.0.tgz",
            "integrity": "sha512-hgoSGrc3pjzAPHNBg+KnFcK2HwlHTs/YrAGUr6qgTVUZmXv1UEXXl0bZNBKMA9fud6lRYFdPGz0xXxycPzmmiw==",
            "requires": {
                "path-parse": "1.0.5"
            }
        },
        "rimraf": {
            "version": "2.6.2",
            "resolved": "https://registry.npmjs.org/rimraf/-/rimraf-2.6.2.tgz",
            "integrity": "sha512-lreewLK/BlghmxtfH36YYVg1i8IAce4TI7oao75I1g245+6BctqTVQiBP3YUJ9C6DQOXJmkYR9X9fCLtCOJc5w==",
            "requires": {
                "glob": "7.1.2"
            }
        },
        "sax": {
            "version": "0.3.5",
            "resolved": "https://registry.npmjs.org/sax/-/sax-0.3.5.tgz",
            "integrity": "sha1-iPz8H3PAyLvVt8d2ttPzUB7tBz0="
        },
        "shelljs": {
            "version": "0.7.0",
            "resolved": "https://registry.npmjs.org/shelljs/-/shelljs-0.7.0.tgz",
            "integrity": "sha1-P28uSWXOxWX2X/OGHWRPh5KBpXY=",
            "requires": {
                "glob": "7.1.2",
                "interpret": "1.0.4",
                "rechoir": "0.6.2"
            }
        },
        "simple-plist": {
            "version": "0.0.4",
            "resolved": "https://registry.npmjs.org/simple-plist/-/simple-plist-0.0.4.tgz",
            "integrity": "sha1-f4Y0OLY8t135ndgbgzbXxQdc/As=",
            "requires": {
                "bplist-creator": "0.0.4",
                "bplist-parser": "0.0.6",
                "plist": "1.1.0"
            },
            "dependencies": {
                "base64-js": {
                    "version": "0.0.6",
                    "resolved": "https://registry.npmjs.org/base64-js/-/base64-js-0.0.6.tgz",
                    "integrity": "sha1-e4WfefC7vVWGe6Z6f6s5fiSiCUc="
                },
                "plist": {
                    "version": "1.1.0",
                    "resolved": "https://registry.npmjs.org/plist/-/plist-1.1.0.tgz",
                    "integrity": "sha1-/2cIWQyXzEOOe8Rd5SUb1yXz+J0=",
                    "requires": {
                        "base64-js": "0.0.6",
                        "util-deprecate": "1.0.0",
                        "xmlbuilder": "2.2.1",
                        "xmldom": "0.1.27"
                    }
                },
                "util-deprecate": {
                    "version": "1.0.0",
                    "resolved": "https://registry.npmjs.org/util-deprecate/-/util-deprecate-1.0.0.tgz",
                    "integrity": "sha1-MAevASwUDq4m3gVXbsInhcrDq/I="
                },
                "xmlbuilder": {
                    "version": "2.2.1",
                    "resolved": "https://registry.npmjs.org/xmlbuilder/-/xmlbuilder-2.2.1.tgz",
                    "integrity": "sha1-kyZDDxMNh0NdTECGZDqikm4QWjI=",
                    "requires": {
                        "lodash-node": "2.4.1"
                    }
                }
            }
        },
        "stream-buffers": {
            "version": "0.2.6",
            "resolved": "https://registry.npmjs.org/stream-buffers/-/stream-buffers-0.2.6.tgz",
            "integrity": "sha1-GBwI1bs2kARfaUAbmuanoM8zE/w="
        },
        "tostr": {
            "version": "0.1.0",
            "resolved": "https://registry.npmjs.org/tostr/-/tostr-0.1.0.tgz",
            "integrity": "sha1-cjm6H6gHyBAMlTLNIxvwQat3lik="
        },
        "util-deprecate": {
            "version": "1.0.2",
            "resolved": "https://registry.npmjs.org/util-deprecate/-/util-deprecate-1.0.2.tgz",
            "integrity": "sha1-RQ1Nyfpw3nMnYvvS1KKJgUGaDM8="
        },
        "wrappy": {
            "version": "1.0.2",
            "resolved": "https://registry.npmjs.org/wrappy/-/wrappy-1.0.2.tgz",
            "integrity": "sha1-tSQ9jz7BqjXxNkYFvA0QNuMKtp8="
        },
        "xcode": {
            "version": "0.8.3",
            "resolved": "https://registry.npmjs.org/xcode/-/xcode-0.8.3.tgz",
            "integrity": "sha1-Dr+9lcbCaw0VSsLVrA8dqsQpb4A=",
            "requires": {
                "node-uuid": "1.3.3",
                "pegjs": "0.6.2",
                "simple-plist": "0.0.4"
            }
        },
        "xmlbuilder": {
            "version": "4.0.0",
            "resolved": "https://registry.npmjs.org/xmlbuilder/-/xmlbuilder-4.0.0.tgz",
            "integrity": "sha1-mLj2UcowqmJANvEn0RzGbce5B6M=",
            "requires": {
                "lodash": "3.10.1"
            },
            "dependencies": {
                "lodash": {
                    "version": "3.10.1",
                    "resolved": "https://registry.npmjs.org/lodash/-/lodash-3.10.1.tgz",
                    "integrity": "sha1-W/Rejkm6QYnhfUgnid/RW9FAt7Y="
                }
            }
        },
        "xmldom": {
            "version": "0.1.27",
            "resolved": "https://registry.npmjs.org/xmldom/-/xmldom-0.1.27.tgz",
            "integrity": "sha1-1QH5ezvbQDr4757MIFcxh6rawOk="
        }
    }
}
